
Microsoft Visual Studio Solution File, Format Version 12.00
# Visual Studio Version 17
VisualStudioVersion = 17.12.35506.116 d17.12
MinimumVisualStudioVersion = 10.0.40219.1
Project("{FAE04EC0-301F-11D3-BF4B-00C04F79EFBC}") = "L2X.Core", "L2X.Core\L2X.Core.csproj", "{FA2782B7-75D6-4E0F-BF15-368956C383DF}"
EndProject
Project("{FAE04EC0-301F-11D3-BF4B-00C04F79EFBC}") = "L2X.Data", "L2X.Data\L2X.Data.csproj", "{287FF991-629B-475B-B3BA-71344EDDB4FC}"
EndProject
Project("{FAE04EC0-301F-11D3-BF4B-00C04F79EFBC}") = "L2X.Services", "L2X.Services\L2X.Services.csproj", "{902F1625-3527-44F5-98D9-BD802E960CFD}"
EndProject
Global
	GlobalSection(SolutionConfigurationPlatforms) = preSolution
		Debug|Any CPU = Debug|Any CPU
		Release|Any CPU = Release|Any CPU
	EndGlobalSection
	GlobalSection(ProjectConfigurationPlatforms) = postSolution
		{FA2782B7-75D6-4E0F-BF15-368956C383DF}.Debug|Any CPU.ActiveCfg = Debug|Any CPU
		{FA2782B7-75D6-4E0F-BF15-368956C383DF}.Debug|Any CPU.Build.0 = Debug|Any CPU
		{FA2782B7-75D6-4E0F-BF15-368956C383DF}.Release|Any CPU.ActiveCfg = Release|Any CPU
		{FA2782B7-75D6-4E0F-BF15-368956C383DF}.Release|Any CPU.Build.0 = Release|Any CPU
		{287FF991-629B-475B-B3BA-71344EDDB4FC}.Debug|Any CPU.ActiveCfg = Debug|Any CPU
		{287FF991-629B-475B-B3BA-71344EDDB4FC}.Debug|Any CPU.Build.0 = Debug|Any CPU
		{287FF991-629B-475B-B3BA-71344EDDB4FC}.Release|Any CPU.ActiveCfg = Release|Any CPU
		{287FF991-629B-475B-B3BA-71344EDDB4FC}.Release|Any CPU.Build.0 = Release|Any CPU
		{902F1625-3527-44F5-98D9-BD802E960CFD}.Debug|Any CPU.ActiveCfg = Debug|Any CPU
		{902F1625-3527-44F5-98D9-BD802E960CFD}.Debug|Any CPU.Build.0 = Debug|Any CPU
		{902F1625-3527-44F5-98D9-BD802E960CFD}.Release|Any CPU.ActiveCfg = Release|Any CPU
		{902F1625-3527-44F5-98D9-BD802E960CFD}.Release|Any CPU.Build.0 = Release|Any CPU
	EndGlobalSection
	GlobalSection(SolutionProperties) = preSolution
		HideSolutionNode = FALSE
	EndGlobalSection
EndGlobal
